
Microsoft Visual Studio Solution File, Format Version 12.00
# Visual Studio 2013
VisualStudioVersion = 12.0.40629.0
MinimumVisualStudioVersion = 12.0.31101.0
Project("{FAE04EC0-301F-11D3-BF4B-00C04F79EFBC}") = "Client", "Client\Client.csproj", "{37DA8514-2536-4E76-ABFF-D1E90FB65122}"
EndProject
Project("{FAE04EC0-301F-11D3-BF4B-00C04F79EFBC}") = "Shared", "Shared\Shared.csproj", "{5728DE02-C264-4697-B554-DDA5FAD10A47}"
EndProject
Project("{FAE04EC0-301F-11D3-BF4B-00C04F79EFBC}") = "Server", "Server\Server.csproj", "{1BEFE50E-24CA-4CAA-8B2C-7F8CD1771CB5}"
EndProject
Project("{FAE04EC0-301F-11D3-BF4B-00C04F79EFBC}") = "Subscriber", "Subscriber\Subscriber.csproj", "{EC04FD05-F3FE-439A-8791-D85856E3726A}"
EndProject
Project("{2150E333-8FDC-42A3-9474-1A3956D46DE8}") = "Infrastructure", "Infrastructure", "{661509ED-1A4B-4CFE-866D-67A10590660E}"
EndProject
Project("{FAE04EC0-301F-11D3-BF4B-00C04F79EFBC}") = "CCMS.Infrastructure", "Infrastructure\CCMS.Infrastructure\CCMS.Infrastructure.csproj", "{B78B9D6D-2266-4B68-99BA-2A764D42EB04}"
EndProject
Project("{FAE04EC0-301F-11D3-BF4B-00C04F79EFBC}") = "CCMS.Infrastructure.UnityContainer", "Infrastructure\CCMS.Infrastructure.UnityContainer\CCMS.Infrastructure.UnityContainer.csproj", "{C4D29F10-B515-4211-BFEE-206DEA40D962}"
EndProject
Project("{FAE04EC0-301F-11D3-BF4B-00C04F79EFBC}") = "CCMS.Infrastructure.Messaging.nServiceBus", "Infrastructure\CCMS.Infrastructure.Messaging.nServiceBus\CCMS.Infrastructure.Messaging.nServiceBus.csproj", "{1C2607C4-CB24-4AE7-BB77-C637E75FC989}"
EndProject
Project("{2150E333-8FDC-42A3-9474-1A3956D46DE8}") = "Publisher", "Publisher", "{6C2A8071-1C86-4E51-8D1F-F40B86DA5F37}"
EndProject
Project("{FAE04EC0-301F-11D3-BF4B-00C04F79EFBC}") = "Client.Main", "Client.Main\Client.Main.csproj", "{6BC91D86-6487-49B8-8AC4-0AF9B145C477}"
EndProject
Project("{2150E333-8FDC-42A3-9474-1A3956D46DE8}") = "Subscriber1", "Subscriber1", "{6DD2DE08-A250-4C24-965D-2D738F0CEB1B}"
EndProject
Project("{FAE04EC0-301F-11D3-BF4B-00C04F79EFBC}") = "Server.Main", "Server.Main\Server.Main.csproj", "{3A91FC46-9B23-4325-8ABC-CD9F83F79F10}"
EndProject
Project("{FAE04EC0-301F-11D3-BF4B-00C04F79EFBC}") = "Server.AppService", "Server.AppService\Server.AppService.csproj", "{479ED715-4105-45B8-836B-7FBC2856C8BE}"
EndProject
Project("{2150E333-8FDC-42A3-9474-1A3956D46DE8}") = "Subscriber2", "Subscriber2", "{FED4659A-ED5B-4868-9523-DC72147926DA}"
EndProject
Project("{FAE04EC0-301F-11D3-BF4B-00C04F79EFBC}") = "Subscriber.Main", "Subscriber.Main\Subscriber.Main.csproj", "{888725B8-F23E-4931-A355-B0FCD6496DE4}"
EndProject
Project("{FAE04EC0-301F-11D3-BF4B-00C04F79EFBC}") = "Subscriber.AppService", "Subscriber.AppService\Subscriber.AppService.csproj", "{CBD784E7-BD07-4F54-ABAC-F939D28C02EC}"
EndProject
Project("{2150E333-8FDC-42A3-9474-1A3956D46DE8}") = ".nuget", ".nuget", "{CB86AF7D-5C19-4A5F-BC81-5B8D295F0F36}"
	ProjectSection(SolutionItems) = preProject
		.nuget\NuGet.Config = .nuget\NuGet.Config
		.nuget\NuGet.exe = .nuget\NuGet.exe
		.nuget\NuGet.targets = .nuget\NuGet.targets
	EndProjectSection
EndProject
Global
	GlobalSection(TeamFoundationVersionControl) = preSolution
		SccNumberOfProjects = 13
		SccEnterpriseProvider = {4CA58AB2-18FA-4F8D-95D4-32DDF27D184C}
		SccTeamFoundationServer = http://aicpa-tfs:8080/tfs/defaultcollection
		SccLocalPath0 = .
		SccProjectUniqueName1 = Infrastructure\\CCMS.Infrastructure\\CCMS.Infrastructure.csproj
		SccProjectTopLevelParentUniqueName1 = StepByStep.sln
		SccProjectName1 = Infrastructure/CCMS.Infrastructure
		SccLocalPath1 = Infrastructure\\CCMS.Infrastructure
		SccProjectUniqueName2 = Infrastructure\\CCMS.Infrastructure.UnityContainer\\CCMS.Infrastructure.UnityContainer.csproj
		SccProjectTopLevelParentUniqueName2 = StepByStep.sln
		SccProjectName2 = Infrastructure/CCMS.Infrastructure.UnityContainer
		SccLocalPath2 = Infrastructure\\CCMS.Infrastructure.UnityContainer
		SccProjectUniqueName3 = Infrastructure\\CCMS.Infrastructure.Messaging.nServiceBus\\CCMS.Infrastructure.Messaging.nServiceBus.csproj
		SccProjectTopLevelParentUniqueName3 = StepByStep.sln
		SccProjectName3 = Infrastructure/CCMS.Infrastructure.Messaging.nServiceBus
		SccLocalPath3 = Infrastructure\\CCMS.Infrastructure.Messaging.nServiceBus
		SccProjectUniqueName4 = Server.AppService\\Server.AppService.csproj
		SccProjectTopLevelParentUniqueName4 = StepByStep.sln
		SccProjectName4 = Server.AppService
		SccLocalPath4 = Server.AppService
		SccProjectUniqueName5 = Client.Main\\Client.Main.csproj
		SccProjectTopLevelParentUniqueName5 = StepByStep.sln
		SccProjectName5 = Client.Main
		SccLocalPath5 = Client.Main
		SccProjectUniqueName6 = Server.Main\\Server.Main.csproj
		SccProjectTopLevelParentUniqueName6 = StepByStep.sln
		SccProjectName6 = Server.Main
		SccLocalPath6 = Server.Main
		SccProjectUniqueName7 = Subscriber.Main\\Subscriber.Main.csproj
		SccProjectTopLevelParentUniqueName7 = StepByStep.sln
		SccProjectName7 = Subscriber.Main
		SccLocalPath7 = Subscriber.Main
		SccProjectUniqueName8 = Subscriber.AppService\\Subscriber.AppService.csproj
		SccProjectTopLevelParentUniqueName8 = StepByStep.sln
		SccProjectName8 = Subscriber.AppService
		SccLocalPath8 = Subscriber.AppService
		SccProjectUniqueName9 = Client\\Client.csproj
		SccProjectTopLevelParentUniqueName9 = StepByStep.sln
		SccProjectName9 = Client
		SccLocalPath9 = Client
		SccProjectUniqueName10 = Shared\\Shared.csproj
		SccProjectName10 = Shared
		SccLocalPath10 = Shared
		SccProjectUniqueName11 = Server\\Server.csproj
		SccProjectTopLevelParentUniqueName11 = StepByStep.sln
		SccProjectName11 = Server
		SccLocalPath11 = Server
		SccProjectUniqueName12 = Subscriber\\Subscriber.csproj
		SccProjectTopLevelParentUniqueName12 = StepByStep.sln
		SccProjectName12 = Subscriber
		SccLocalPath12 = Subscriber
	EndGlobalSection
	GlobalSection(SolutionConfigurationPlatforms) = preSolution
		Debug|Any CPU = Debug|Any CPU
		Dev|Any CPU = Dev|Any CPU
		DevMaintenance|Any CPU = DevMaintenance|Any CPU
		DRD|Any CPU = DRD|Any CPU
		Prd|Any CPU = Prd|Any CPU
		QA|Any CPU = QA|Any CPU
		QAMaintenance|Any CPU = QAMaintenance|Any CPU
		Release|Any CPU = Release|Any CPU
		Stage|Any CPU = Stage|Any CPU
		UAT|Any CPU = UAT|Any CPU
	EndGlobalSection
	GlobalSection(ProjectConfigurationPlatforms) = postSolution
		{37DA8514-2536-4E76-ABFF-D1E90FB65122}.Debug|Any CPU.ActiveCfg = Debug|Any CPU
		{37DA8514-2536-4E76-ABFF-D1E90FB65122}.Debug|Any CPU.Build.0 = Debug|Any CPU
		{37DA8514-2536-4E76-ABFF-D1E90FB65122}.Dev|Any CPU.ActiveCfg = Debug|Any CPU
		{37DA8514-2536-4E76-ABFF-D1E90FB65122}.Dev|Any CPU.Build.0 = Debug|Any CPU
		{37DA8514-2536-4E76-ABFF-D1E90FB65122}.DevMaintenance|Any CPU.ActiveCfg = Debug|Any CPU
		{37DA8514-2536-4E76-ABFF-D1E90FB65122}.DevMaintenance|Any CPU.Build.0 = Debug|Any CPU
		{37DA8514-2536-4E76-ABFF-D1E90FB65122}.DRD|Any CPU.ActiveCfg = Debug|Any CPU
		{37DA8514-2536-4E76-ABFF-D1E90FB65122}.DRD|Any CPU.Build.0 = Debug|Any CPU
		{37DA8514-2536-4E76-ABFF-D1E90FB65122}.Prd|Any CPU.ActiveCfg = Release|Any CPU
		{37DA8514-2536-4E76-ABFF-D1E90FB65122}.Prd|Any CPU.Build.0 = Release|Any CPU
		{37DA8514-2536-4E76-ABFF-D1E90FB65122}.QA|Any CPU.ActiveCfg = Release|Any CPU
		{37DA8514-2536-4E76-ABFF-D1E90FB65122}.QA|Any CPU.Build.0 = Release|Any CPU
		{37DA8514-2536-4E76-ABFF-D1E90FB65122}.QAMaintenance|Any CPU.ActiveCfg = Release|Any CPU
		{37DA8514-2536-4E76-ABFF-D1E90FB65122}.QAMaintenance|Any CPU.Build.0 = Release|Any CPU
		{37DA8514-2536-4E76-ABFF-D1E90FB65122}.Release|Any CPU.ActiveCfg = Release|Any CPU
		{37DA8514-2536-4E76-ABFF-D1E90FB65122}.Release|Any CPU.Build.0 = Release|Any CPU
		{37DA8514-2536-4E76-ABFF-D1E90FB65122}.Stage|Any CPU.ActiveCfg = Release|Any CPU
		{37DA8514-2536-4E76-ABFF-D1E90FB65122}.Stage|Any CPU.Build.0 = Release|Any CPU
		{37DA8514-2536-4E76-ABFF-D1E90FB65122}.UAT|Any CPU.ActiveCfg = Release|Any CPU
		{37DA8514-2536-4E76-ABFF-D1E90FB65122}.UAT|Any CPU.Build.0 = Release|Any CPU
		{5728DE02-C264-4697-B554-DDA5FAD10A47}.Debug|Any CPU.ActiveCfg = Debug|Any CPU
		{5728DE02-C264-4697-B554-DDA5FAD10A47}.Debug|Any CPU.Build.0 = Debug|Any CPU
		{5728DE02-C264-4697-B554-DDA5FAD10A47}.Dev|Any CPU.ActiveCfg = Debug|Any CPU
		{5728DE02-C264-4697-B554-DDA5FAD10A47}.Dev|Any CPU.Build.0 = Debug|Any CPU
		{5728DE02-C264-4697-B554-DDA5FAD10A47}.DevMaintenance|Any CPU.ActiveCfg = Debug|Any CPU
		{5728DE02-C264-4697-B554-DDA5FAD10A47}.DevMaintenance|Any CPU.Build.0 = Debug|Any CPU
		{5728DE02-C264-4697-B554-DDA5FAD10A47}.DRD|Any CPU.ActiveCfg = Debug|Any CPU
		{5728DE02-C264-4697-B554-DDA5FAD10A47}.DRD|Any CPU.Build.0 = Debug|Any CPU
		{5728DE02-C264-4697-B554-DDA5FAD10A47}.Prd|Any CPU.ActiveCfg = Release|Any CPU
		{5728DE02-C264-4697-B554-DDA5FAD10A47}.Prd|Any CPU.Build.0 = Release|Any CPU
		{5728DE02-C264-4697-B554-DDA5FAD10A47}.QA|Any CPU.ActiveCfg = Release|Any CPU
		{5728DE02-C264-4697-B554-DDA5FAD10A47}.QA|Any CPU.Build.0 = Release|Any CPU
		{5728DE02-C264-4697-B554-DDA5FAD10A47}.QAMaintenance|Any CPU.ActiveCfg = Release|Any CPU
		{5728DE02-C264-4697-B554-DDA5FAD10A47}.QAMaintenance|Any CPU.Build.0 = Release|Any CPU
		{5728DE02-C264-4697-B554-DDA5FAD10A47}.Release|Any CPU.ActiveCfg = Release|Any CPU
		{5728DE02-C264-4697-B554-DDA5FAD10A47}.Release|Any CPU.Build.0 = Release|Any CPU
		{5728DE02-C264-4697-B554-DDA5FAD10A47}.Stage|Any CPU.ActiveCfg = Release|Any CPU
		{5728DE02-C264-4697-B554-DDA5FAD10A47}.Stage|Any CPU.Build.0 = Release|Any CPU
		{5728DE02-C264-4697-B554-DDA5FAD10A47}.UAT|Any CPU.ActiveCfg = Release|Any CPU
		{5728DE02-C264-4697-B554-DDA5FAD10A47}.UAT|Any CPU.Build.0 = Release|Any CPU
		{1BEFE50E-24CA-4CAA-8B2C-7F8CD1771CB5}.Debug|Any CPU.ActiveCfg = Debug|Any CPU
		{1BEFE50E-24CA-4CAA-8B2C-7F8CD1771CB5}.Debug|Any CPU.Build.0 = Debug|Any CPU
		{1BEFE50E-24CA-4CAA-8B2C-7F8CD1771CB5}.Dev|Any CPU.ActiveCfg = Debug|Any CPU
		{1BEFE50E-24CA-4CAA-8B2C-7F8CD1771CB5}.Dev|Any CPU.Build.0 = Debug|Any CPU
		{1BEFE50E-24CA-4CAA-8B2C-7F8CD1771CB5}.DevMaintenance|Any CPU.ActiveCfg = Debug|Any CPU
		{1BEFE50E-24CA-4CAA-8B2C-7F8CD1771CB5}.DevMaintenance|Any CPU.Build.0 = Debug|Any CPU
		{1BEFE50E-24CA-4CAA-8B2C-7F8CD1771CB5}.DRD|Any CPU.ActiveCfg = Debug|Any CPU
		{1BEFE50E-24CA-4CAA-8B2C-7F8CD1771CB5}.DRD|Any CPU.Build.0 = Debug|Any CPU
		{1BEFE50E-24CA-4CAA-8B2C-7F8CD1771CB5}.Prd|Any CPU.ActiveCfg = Release|Any CPU
		{1BEFE50E-24CA-4CAA-8B2C-7F8CD1771CB5}.Prd|Any CPU.Build.0 = Release|Any CPU
		{1BEFE50E-24CA-4CAA-8B2C-7F8CD1771CB5}.QA|Any CPU.ActiveCfg = Release|Any CPU
		{1BEFE50E-24CA-4CAA-8B2C-7F8CD1771CB5}.QA|Any CPU.Build.0 = Release|Any CPU
		{1BEFE50E-24CA-4CAA-8B2C-7F8CD1771CB5}.QAMaintenance|Any CPU.ActiveCfg = Release|Any CPU
		{1BEFE50E-24CA-4CAA-8B2C-7F8CD1771CB5}.QAMaintenance|Any CPU.Build.0 = Release|Any CPU
		{1BEFE50E-24CA-4CAA-8B2C-7F8CD1771CB5}.Release|Any CPU.ActiveCfg = Release|Any CPU
		{1BEFE50E-24CA-4CAA-8B2C-7F8CD1771CB5}.Release|Any CPU.Build.0 = Release|Any CPU
		{1BEFE50E-24CA-4CAA-8B2C-7F8CD1771CB5}.Stage|Any CPU.ActiveCfg = Release|Any CPU
		{1BEFE50E-24CA-4CAA-8B2C-7F8CD1771CB5}.Stage|Any CPU.Build.0 = Release|Any CPU
		{1BEFE50E-24CA-4CAA-8B2C-7F8CD1771CB5}.UAT|Any CPU.ActiveCfg = Release|Any CPU
		{1BEFE50E-24CA-4CAA-8B2C-7F8CD1771CB5}.UAT|Any CPU.Build.0 = Release|Any CPU
		{EC04FD05-F3FE-439A-8791-D85856E3726A}.Debug|Any CPU.ActiveCfg = Debug|Any CPU
		{EC04FD05-F3FE-439A-8791-D85856E3726A}.Debug|Any CPU.Build.0 = Debug|Any CPU
		{EC04FD05-F3FE-439A-8791-D85856E3726A}.Dev|Any CPU.ActiveCfg = Debug|Any CPU
		{EC04FD05-F3FE-439A-8791-D85856E3726A}.Dev|Any CPU.Build.0 = Debug|Any CPU
		{EC04FD05-F3FE-439A-8791-D85856E3726A}.DevMaintenance|Any CPU.ActiveCfg = Debug|Any CPU
		{EC04FD05-F3FE-439A-8791-D85856E3726A}.DevMaintenance|Any CPU.Build.0 = Debug|Any CPU
		{EC04FD05-F3FE-439A-8791-D85856E3726A}.DRD|Any CPU.ActiveCfg = Debug|Any CPU
		{EC04FD05-F3FE-439A-8791-D85856E3726A}.DRD|Any CPU.Build.0 = Debug|Any CPU
		{EC04FD05-F3FE-439A-8791-D85856E3726A}.Prd|Any CPU.ActiveCfg = Release|Any CPU
		{EC04FD05-F3FE-439A-8791-D85856E3726A}.Prd|Any CPU.Build.0 = Release|Any CPU
		{EC04FD05-F3FE-439A-8791-D85856E3726A}.QA|Any CPU.ActiveCfg = Release|Any CPU
		{EC04FD05-F3FE-439A-8791-D85856E3726A}.QA|Any CPU.Build.0 = Release|Any CPU
		{EC04FD05-F3FE-439A-8791-D85856E3726A}.QAMaintenance|Any CPU.ActiveCfg = Release|Any CPU
		{EC04FD05-F3FE-439A-8791-D85856E3726A}.QAMaintenance|Any CPU.Build.0 = Release|Any CPU
		{EC04FD05-F3FE-439A-8791-D85856E3726A}.Release|Any CPU.ActiveCfg = Release|Any CPU
		{EC04FD05-F3FE-439A-8791-D85856E3726A}.Release|Any CPU.Build.0 = Release|Any CPU
		{EC04FD05-F3FE-439A-8791-D85856E3726A}.Stage|Any CPU.ActiveCfg = Release|Any CPU
		{EC04FD05-F3FE-439A-8791-D85856E3726A}.Stage|Any CPU.Build.0 = Release|Any CPU
		{EC04FD05-F3FE-439A-8791-D85856E3726A}.UAT|Any CPU.ActiveCfg = Release|Any CPU
		{EC04FD05-F3FE-439A-8791-D85856E3726A}.UAT|Any CPU.Build.0 = Release|Any CPU
		{B78B9D6D-2266-4B68-99BA-2A764D42EB04}.Debug|Any CPU.ActiveCfg = Debug|Any CPU
		{B78B9D6D-2266-4B68-99BA-2A764D42EB04}.Debug|Any CPU.Build.0 = Debug|Any CPU
		{B78B9D6D-2266-4B68-99BA-2A764D42EB04}.Dev|Any CPU.ActiveCfg = Dev|Any CPU
		{B78B9D6D-2266-4B68-99BA-2A764D42EB04}.Dev|Any CPU.Build.0 = Dev|Any CPU
		{B78B9D6D-2266-4B68-99BA-2A764D42EB04}.DevMaintenance|Any CPU.ActiveCfg = DevMaintenance|Any CPU
		{B78B9D6D-2266-4B68-99BA-2A764D42EB04}.DevMaintenance|Any CPU.Build.0 = DevMaintenance|Any CPU
		{B78B9D6D-2266-4B68-99BA-2A764D42EB04}.DRD|Any CPU.ActiveCfg = DRD|Any CPU
		{B78B9D6D-2266-4B68-99BA-2A764D42EB04}.DRD|Any CPU.Build.0 = DRD|Any CPU
		{B78B9D6D-2266-4B68-99BA-2A764D42EB04}.Prd|Any CPU.ActiveCfg = Prd|Any CPU
		{B78B9D6D-2266-4B68-99BA-2A764D42EB04}.Prd|Any CPU.Build.0 = Prd|Any CPU
		{B78B9D6D-2266-4B68-99BA-2A764D42EB04}.QA|Any CPU.ActiveCfg = QA|Any CPU
		{B78B9D6D-2266-4B68-99BA-2A764D42EB04}.QA|Any CPU.Build.0 = QA|Any CPU
		{B78B9D6D-2266-4B68-99BA-2A764D42EB04}.QAMaintenance|Any CPU.ActiveCfg = QAMaintenance|Any CPU
		{B78B9D6D-2266-4B68-99BA-2A764D42EB04}.QAMaintenance|Any CPU.Build.0 = QAMaintenance|Any CPU
		{B78B9D6D-2266-4B68-99BA-2A764D42EB04}.Release|Any CPU.ActiveCfg = Release|Any CPU
		{B78B9D6D-2266-4B68-99BA-2A764D42EB04}.Release|Any CPU.Build.0 = Release|Any CPU
		{B78B9D6D-2266-4B68-99BA-2A764D42EB04}.Stage|Any CPU.ActiveCfg = Stage|Any CPU
		{B78B9D6D-2266-4B68-99BA-2A764D42EB04}.Stage|Any CPU.Build.0 = Stage|Any CPU
		{B78B9D6D-2266-4B68-99BA-2A764D42EB04}.UAT|Any CPU.ActiveCfg = UAT|Any CPU
		{B78B9D6D-2266-4B68-99BA-2A764D42EB04}.UAT|Any CPU.Build.0 = UAT|Any CPU
		{C4D29F10-B515-4211-BFEE-206DEA40D962}.Debug|Any CPU.ActiveCfg = Debug|Any CPU
		{C4D29F10-B515-4211-BFEE-206DEA40D962}.Debug|Any CPU.Build.0 = Debug|Any CPU
		{C4D29F10-B515-4211-BFEE-206DEA40D962}.Dev|Any CPU.ActiveCfg = Dev|Any CPU
		{C4D29F10-B515-4211-BFEE-206DEA40D962}.Dev|Any CPU.Build.0 = Dev|Any CPU
		{C4D29F10-B515-4211-BFEE-206DEA40D962}.DevMaintenance|Any CPU.ActiveCfg = DevMaintenance|Any CPU
		{C4D29F10-B515-4211-BFEE-206DEA40D962}.DevMaintenance|Any CPU.Build.0 = DevMaintenance|Any CPU
		{C4D29F10-B515-4211-BFEE-206DEA40D962}.DRD|Any CPU.ActiveCfg = DRD|Any CPU
		{C4D29F10-B515-4211-BFEE-206DEA40D962}.DRD|Any CPU.Build.0 = DRD|Any CPU
		{C4D29F10-B515-4211-BFEE-206DEA40D962}.Prd|Any CPU.ActiveCfg = Prd|Any CPU
		{C4D29F10-B515-4211-BFEE-206DEA40D962}.Prd|Any CPU.Build.0 = Prd|Any CPU
		{C4D29F10-B515-4211-BFEE-206DEA40D962}.QA|Any CPU.ActiveCfg = QA|Any CPU
		{C4D29F10-B515-4211-BFEE-206DEA40D962}.QA|Any CPU.Build.0 = QA|Any CPU
		{C4D29F10-B515-4211-BFEE-206DEA40D962}.QAMaintenance|Any CPU.ActiveCfg = QAMaintenance|Any CPU
		{C4D29F10-B515-4211-BFEE-206DEA40D962}.QAMaintenance|Any CPU.Build.0 = QAMaintenance|Any CPU
		{C4D29F10-B515-4211-BFEE-206DEA40D962}.Release|Any CPU.ActiveCfg = Release|Any CPU
		{C4D29F10-B515-4211-BFEE-206DEA40D962}.Release|Any CPU.Build.0 = Release|Any CPU
		{C4D29F10-B515-4211-BFEE-206DEA40D962}.Stage|Any CPU.ActiveCfg = Stage|Any CPU
		{C4D29F10-B515-4211-BFEE-206DEA40D962}.Stage|Any CPU.Build.0 = Stage|Any CPU
		{C4D29F10-B515-4211-BFEE-206DEA40D962}.UAT|Any CPU.ActiveCfg = UAT|Any CPU
		{C4D29F10-B515-4211-BFEE-206DEA40D962}.UAT|Any CPU.Build.0 = UAT|Any CPU
		{1C2607C4-CB24-4AE7-BB77-C637E75FC989}.Debug|Any CPU.ActiveCfg = Debug|Any CPU
		{1C2607C4-CB24-4AE7-BB77-C637E75FC989}.Debug|Any CPU.Build.0 = Debug|Any CPU
		{1C2607C4-CB24-4AE7-BB77-C637E75FC989}.Dev|Any CPU.ActiveCfg = Debug|Any CPU
		{1C2607C4-CB24-4AE7-BB77-C637E75FC989}.Dev|Any CPU.Build.0 = Debug|Any CPU
		{1C2607C4-CB24-4AE7-BB77-C637E75FC989}.DevMaintenance|Any CPU.ActiveCfg = Debug|Any CPU
		{1C2607C4-CB24-4AE7-BB77-C637E75FC989}.DevMaintenance|Any CPU.Build.0 = Debug|Any CPU
		{1C2607C4-CB24-4AE7-BB77-C637E75FC989}.DRD|Any CPU.ActiveCfg = Debug|Any CPU
		{1C2607C4-CB24-4AE7-BB77-C637E75FC989}.DRD|Any CPU.Build.0 = Debug|Any CPU
		{1C2607C4-CB24-4AE7-BB77-C637E75FC989}.Prd|Any CPU.ActiveCfg = Release|Any CPU
		{1C2607C4-CB24-4AE7-BB77-C637E75FC989}.Prd|Any CPU.Build.0 = Release|Any CPU
		{1C2607C4-CB24-4AE7-BB77-C637E75FC989}.QA|Any CPU.ActiveCfg = Release|Any CPU
		{1C2607C4-CB24-4AE7-BB77-C637E75FC989}.QA|Any CPU.Build.0 = Release|Any CPU
		{1C2607C4-CB24-4AE7-BB77-C637E75FC989}.QAMaintenance|Any CPU.ActiveCfg = Release|Any CPU
		{1C2607C4-CB24-4AE7-BB77-C637E75FC989}.QAMaintenance|Any CPU.Build.0 = Release|Any CPU
		{1C2607C4-CB24-4AE7-BB77-C637E75FC989}.Release|Any CPU.ActiveCfg = Release|Any CPU
		{1C2607C4-CB24-4AE7-BB77-C637E75FC989}.Release|Any CPU.Build.0 = Release|Any CPU
		{1C2607C4-CB24-4AE7-BB77-C637E75FC989}.Stage|Any CPU.ActiveCfg = Release|Any CPU
		{1C2607C4-CB24-4AE7-BB77-C637E75FC989}.Stage|Any CPU.Build.0 = Release|Any CPU
		{1C2607C4-CB24-4AE7-BB77-C637E75FC989}.UAT|Any CPU.ActiveCfg = Release|Any CPU
		{1C2607C4-CB24-4AE7-BB77-C637E75FC989}.UAT|Any CPU.Build.0 = Release|Any CPU
		{6BC91D86-6487-49B8-8AC4-0AF9B145C477}.Debug|Any CPU.ActiveCfg = Debug|Any CPU
		{6BC91D86-6487-49B8-8AC4-0AF9B145C477}.Debug|Any CPU.Build.0 = Debug|Any CPU
		{6BC91D86-6487-49B8-8AC4-0AF9B145C477}.Dev|Any CPU.ActiveCfg = Debug|Any CPU
		{6BC91D86-6487-49B8-8AC4-0AF9B145C477}.Dev|Any CPU.Build.0 = Debug|Any CPU
		{6BC91D86-6487-49B8-8AC4-0AF9B145C477}.DevMaintenance|Any CPU.ActiveCfg = Debug|Any CPU
		{6BC91D86-6487-49B8-8AC4-0AF9B145C477}.DevMaintenance|Any CPU.Build.0 = Debug|Any CPU
		{6BC91D86-6487-49B8-8AC4-0AF9B145C477}.DRD|Any CPU.ActiveCfg = Debug|Any CPU
		{6BC91D86-6487-49B8-8AC4-0AF9B145C477}.DRD|Any CPU.Build.0 = Debug|Any CPU
		{6BC91D86-6487-49B8-8AC4-0AF9B145C477}.Prd|Any CPU.ActiveCfg = Release|Any CPU
		{6BC91D86-6487-49B8-8AC4-0AF9B145C477}.Prd|Any CPU.Build.0 = Release|Any CPU
		{6BC91D86-6487-49B8-8AC4-0AF9B145C477}.QA|Any CPU.ActiveCfg = Release|Any CPU
		{6BC91D86-6487-49B8-8AC4-0AF9B145C477}.QA|Any CPU.Build.0 = Release|Any CPU
		{6BC91D86-6487-49B8-8AC4-0AF9B145C477}.QAMaintenance|Any CPU.ActiveCfg = Release|Any CPU
		{6BC91D86-6487-49B8-8AC4-0AF9B145C477}.QAMaintenance|Any CPU.Build.0 = Release|Any CPU
		{6BC91D86-6487-49B8-8AC4-0AF9B145C477}.Release|Any CPU.ActiveCfg = Release|Any CPU
		{6BC91D86-6487-49B8-8AC4-0AF9B145C477}.Release|Any CPU.Build.0 = Release|Any CPU
		{6BC91D86-6487-49B8-8AC4-0AF9B145C477}.Stage|Any CPU.ActiveCfg = Release|Any CPU
		{6BC91D86-6487-49B8-8AC4-0AF9B145C477}.Stage|Any CPU.Build.0 = Release|Any CPU
		{6BC91D86-6487-49B8-8AC4-0AF9B145C477}.UAT|Any CPU.ActiveCfg = Release|Any CPU
		{6BC91D86-6487-49B8-8AC4-0AF9B145C477}.UAT|Any CPU.Build.0 = Release|Any CPU
		{3A91FC46-9B23-4325-8ABC-CD9F83F79F10}.Debug|Any CPU.ActiveCfg = Debug|Any CPU
		{3A91FC46-9B23-4325-8ABC-CD9F83F79F10}.Debug|Any CPU.Build.0 = Debug|Any CPU
		{3A91FC46-9B23-4325-8ABC-CD9F83F79F10}.Dev|Any CPU.ActiveCfg = Debug|Any CPU
		{3A91FC46-9B23-4325-8ABC-CD9F83F79F10}.Dev|Any CPU.Build.0 = Debug|Any CPU
		{3A91FC46-9B23-4325-8ABC-CD9F83F79F10}.DevMaintenance|Any CPU.ActiveCfg = Debug|Any CPU
		{3A91FC46-9B23-4325-8ABC-CD9F83F79F10}.DevMaintenance|Any CPU.Build.0 = Debug|Any CPU
		{3A91FC46-9B23-4325-8ABC-CD9F83F79F10}.DRD|Any CPU.ActiveCfg = Debug|Any CPU
		{3A91FC46-9B23-4325-8ABC-CD9F83F79F10}.DRD|Any CPU.Build.0 = Debug|Any CPU
		{3A91FC46-9B23-4325-8ABC-CD9F83F79F10}.Prd|Any CPU.ActiveCfg = Release|Any CPU
		{3A91FC46-9B23-4325-8ABC-CD9F83F79F10}.Prd|Any CPU.Build.0 = Release|Any CPU
		{3A91FC46-9B23-4325-8ABC-CD9F83F79F10}.QA|Any CPU.ActiveCfg = Release|Any CPU
		{3A91FC46-9B23-4325-8ABC-CD9F83F79F10}.QA|Any CPU.Build.0 = Release|Any CPU
		{3A91FC46-9B23-4325-8ABC-CD9F83F79F10}.QAMaintenance|Any CPU.ActiveCfg = Release|Any CPU
		{3A91FC46-9B23-4325-8ABC-CD9F83F79F10}.QAMaintenance|Any CPU.Build.0 = Release|Any CPU
		{3A91FC46-9B23-4325-8ABC-CD9F83F79F10}.Release|Any CPU.ActiveCfg = Release|Any CPU
		{3A91FC46-9B23-4325-8ABC-CD9F83F79F10}.Release|Any CPU.Build.0 = Release|Any CPU
		{3A91FC46-9B23-4325-8ABC-CD9F83F79F10}.Stage|Any CPU.ActiveCfg = Release|Any CPU
		{3A91FC46-9B23-4325-8ABC-CD9F83F79F10}.Stage|Any CPU.Build.0 = Release|Any CPU
		{3A91FC46-9B23-4325-8ABC-CD9F83F79F10}.UAT|Any CPU.ActiveCfg = Release|Any CPU
		{3A91FC46-9B23-4325-8ABC-CD9F83F79F10}.UAT|Any CPU.Build.0 = Release|Any CPU
		{479ED715-4105-45B8-836B-7FBC2856C8BE}.Debug|Any CPU.ActiveCfg = Debug|Any CPU
		{479ED715-4105-45B8-836B-7FBC2856C8BE}.Debug|Any CPU.Build.0 = Debug|Any CPU
		{479ED715-4105-45B8-836B-7FBC2856C8BE}.Dev|Any CPU.ActiveCfg = Debug|Any CPU
		{479ED715-4105-45B8-836B-7FBC2856C8BE}.Dev|Any CPU.Build.0 = Debug|Any CPU
		{479ED715-4105-45B8-836B-7FBC2856C8BE}.DevMaintenance|Any CPU.ActiveCfg = Debug|Any CPU
		{479ED715-4105-45B8-836B-7FBC2856C8BE}.DevMaintenance|Any CPU.Build.0 = Debug|Any CPU
		{479ED715-4105-45B8-836B-7FBC2856C8BE}.DRD|Any CPU.ActiveCfg = Debug|Any CPU
		{479ED715-4105-45B8-836B-7FBC2856C8BE}.DRD|Any CPU.Build.0 = Debug|Any CPU
		{479ED715-4105-45B8-836B-7FBC2856C8BE}.Prd|Any CPU.ActiveCfg = Release|Any CPU
		{479ED715-4105-45B8-836B-7FBC2856C8BE}.Prd|Any CPU.Build.0 = Release|Any CPU
		{479ED715-4105-45B8-836B-7FBC2856C8BE}.QA|Any CPU.ActiveCfg = Release|Any CPU
		{479ED715-4105-45B8-836B-7FBC2856C8BE}.QA|Any CPU.Build.0 = Release|Any CPU
		{479ED715-4105-45B8-836B-7FBC2856C8BE}.QAMaintenance|Any CPU.ActiveCfg = Release|Any CPU
		{479ED715-4105-45B8-836B-7FBC2856C8BE}.QAMaintenance|Any CPU.Build.0 = Release|Any CPU
		{479ED715-4105-45B8-836B-7FBC2856C8BE}.Release|Any CPU.ActiveCfg = Release|Any CPU
		{479ED715-4105-45B8-836B-7FBC2856C8BE}.Release|Any CPU.Build.0 = Release|Any CPU
		{479ED715-4105-45B8-836B-7FBC2856C8BE}.Stage|Any CPU.ActiveCfg = Release|Any CPU
		{479ED715-4105-45B8-836B-7FBC2856C8BE}.Stage|Any CPU.Build.0 = Release|Any CPU
		{479ED715-4105-45B8-836B-7FBC2856C8BE}.UAT|Any CPU.ActiveCfg = Release|Any CPU
		{479ED715-4105-45B8-836B-7FBC2856C8BE}.UAT|Any CPU.Build.0 = Release|Any CPU
		{888725B8-F23E-4931-A355-B0FCD6496DE4}.Debug|Any CPU.ActiveCfg = Debug|Any CPU
		{888725B8-F23E-4931-A355-B0FCD6496DE4}.Debug|Any CPU.Build.0 = Debug|Any CPU
		{888725B8-F23E-4931-A355-B0FCD6496DE4}.Dev|Any CPU.ActiveCfg = Debug|Any CPU
		{888725B8-F23E-4931-A355-B0FCD6496DE4}.Dev|Any CPU.Build.0 = Debug|Any CPU
		{888725B8-F23E-4931-A355-B0FCD6496DE4}.DevMaintenance|Any CPU.ActiveCfg = Debug|Any CPU
		{888725B8-F23E-4931-A355-B0FCD6496DE4}.DevMaintenance|Any CPU.Build.0 = Debug|Any CPU
		{888725B8-F23E-4931-A355-B0FCD6496DE4}.DRD|Any CPU.ActiveCfg = Debug|Any CPU
		{888725B8-F23E-4931-A355-B0FCD6496DE4}.DRD|Any CPU.Build.0 = Debug|Any CPU
		{888725B8-F23E-4931-A355-B0FCD6496DE4}.Prd|Any CPU.ActiveCfg = Release|Any CPU
		{888725B8-F23E-4931-A355-B0FCD6496DE4}.Prd|Any CPU.Build.0 = Release|Any CPU
		{888725B8-F23E-4931-A355-B0FCD6496DE4}.QA|Any CPU.ActiveCfg = Release|Any CPU
		{888725B8-F23E-4931-A355-B0FCD6496DE4}.QA|Any CPU.Build.0 = Release|Any CPU
		{888725B8-F23E-4931-A355-B0FCD6496DE4}.QAMaintenance|Any CPU.ActiveCfg = Release|Any CPU
		{888725B8-F23E-4931-A355-B0FCD6496DE4}.QAMaintenance|Any CPU.Build.0 = Release|Any CPU
		{888725B8-F23E-4931-A355-B0FCD6496DE4}.Release|Any CPU.ActiveCfg = Release|Any CPU
		{888725B8-F23E-4931-A355-B0FCD6496DE4}.Release|Any CPU.Build.0 = Release|Any CPU
		{888725B8-F23E-4931-A355-B0FCD6496DE4}.Stage|Any CPU.ActiveCfg = Release|Any CPU
		{888725B8-F23E-4931-A355-B0FCD6496DE4}.Stage|Any CPU.Build.0 = Release|Any CPU
		{888725B8-F23E-4931-A355-B0FCD6496DE4}.UAT|Any CPU.ActiveCfg = Release|Any CPU
		{888725B8-F23E-4931-A355-B0FCD6496DE4}.UAT|Any CPU.Build.0 = Release|Any CPU
		{CBD784E7-BD07-4F54-ABAC-F939D28C02EC}.Debug|Any CPU.ActiveCfg = Debug|Any CPU
		{CBD784E7-BD07-4F54-ABAC-F939D28C02EC}.Debug|Any CPU.Build.0 = Debug|Any CPU
		{CBD784E7-BD07-4F54-ABAC-F939D28C02EC}.Dev|Any CPU.ActiveCfg = Debug|Any CPU
		{CBD784E7-BD07-4F54-ABAC-F939D28C02EC}.Dev|Any CPU.Build.0 = Debug|Any CPU
		{CBD784E7-BD07-4F54-ABAC-F939D28C02EC}.DevMaintenance|Any CPU.ActiveCfg = Debug|Any CPU
		{CBD784E7-BD07-4F54-ABAC-F939D28C02EC}.DevMaintenance|Any CPU.Build.0 = Debug|Any CPU
		{CBD784E7-BD07-4F54-ABAC-F939D28C02EC}.DRD|Any CPU.ActiveCfg = Debug|Any CPU
		{CBD784E7-BD07-4F54-ABAC-F939D28C02EC}.DRD|Any CPU.Build.0 = Debug|Any CPU
		{CBD784E7-BD07-4F54-ABAC-F939D28C02EC}.Prd|Any CPU.ActiveCfg = Release|Any CPU
		{CBD784E7-BD07-4F54-ABAC-F939D28C02EC}.Prd|Any CPU.Build.0 = Release|Any CPU
		{CBD784E7-BD07-4F54-ABAC-F939D28C02EC}.QA|Any CPU.ActiveCfg = Release|Any CPU
		{CBD784E7-BD07-4F54-ABAC-F939D28C02EC}.QA|Any CPU.Build.0 = Release|Any CPU
		{CBD784E7-BD07-4F54-ABAC-F939D28C02EC}.QAMaintenance|Any CPU.ActiveCfg = Release|Any CPU
		{CBD784E7-BD07-4F54-ABAC-F939D28C02EC}.QAMaintenance|Any CPU.Build.0 = Release|Any CPU
		{CBD784E7-BD07-4F54-ABAC-F939D28C02EC}.Release|Any CPU.ActiveCfg = Release|Any CPU
		{CBD784E7-BD07-4F54-ABAC-F939D28C02EC}.Release|Any CPU.Build.0 = Release|Any CPU
		{CBD784E7-BD07-4F54-ABAC-F939D28C02EC}.Stage|Any CPU.ActiveCfg = Release|Any CPU
		{CBD784E7-BD07-4F54-ABAC-F939D28C02EC}.Stage|Any CPU.Build.0 = Release|Any CPU
		{CBD784E7-BD07-4F54-ABAC-F939D28C02EC}.UAT|Any CPU.ActiveCfg = Release|Any CPU
		{CBD784E7-BD07-4F54-ABAC-F939D28C02EC}.UAT|Any CPU.Build.0 = Release|Any CPU
	EndGlobalSection
	GlobalSection(SolutionProperties) = preSolution
		HideSolutionNode = FALSE
	EndGlobalSection
	GlobalSection(NestedProjects) = preSolution
		{37DA8514-2536-4E76-ABFF-D1E90FB65122} = {6C2A8071-1C86-4E51-8D1F-F40B86DA5F37}
		{1BEFE50E-24CA-4CAA-8B2C-7F8CD1771CB5} = {6DD2DE08-A250-4C24-965D-2D738F0CEB1B}
		{EC04FD05-F3FE-439A-8791-D85856E3726A} = {FED4659A-ED5B-4868-9523-DC72147926DA}
		{B78B9D6D-2266-4B68-99BA-2A764D42EB04} = {661509ED-1A4B-4CFE-866D-67A10590660E}
		{C4D29F10-B515-4211-BFEE-206DEA40D962} = {661509ED-1A4B-4CFE-866D-67A10590660E}
		{1C2607C4-CB24-4AE7-BB77-C637E75FC989} = {661509ED-1A4B-4CFE-866D-67A10590660E}
		{6BC91D86-6487-49B8-8AC4-0AF9B145C477} = {6C2A8071-1C86-4E51-8D1F-F40B86DA5F37}
		{3A91FC46-9B23-4325-8ABC-CD9F83F79F10} = {6DD2DE08-A250-4C24-965D-2D738F0CEB1B}
		{479ED715-4105-45B8-836B-7FBC2856C8BE} = {6DD2DE08-A250-4C24-965D-2D738F0CEB1B}
		{888725B8-F23E-4931-A355-B0FCD6496DE4} = {FED4659A-ED5B-4868-9523-DC72147926DA}
		{CBD784E7-BD07-4F54-ABAC-F939D28C02EC} = {FED4659A-ED5B-4868-9523-DC72147926DA}
	EndGlobalSection
EndGlobal
